
Microsoft Visual Studio Solution File, Format Version 12.00
Project("{FAE04EC0-301F-11D3-BF4B-00C04F79EFBC}") = "DeadLock", "DeadLock\DeadLock.csproj", "{CE01CC22-EA8A-4F28-BB7D-A0A9D803C051}"
EndProject
Project("{FAE04EC0-301F-11D3-BF4B-00C04F79EFBC}") = "ReferenceCounting", "ReferenceCounting\ReferenceCounting.csproj", "{51135E55-55E3-40CB-A270-0C778D235E1F}"
EndProject
Project("{FAE04EC0-301F-11D3-BF4B-00C04F79EFBC}") = "PInvoke", "PInvoke\PInvoke.csproj", "{299A4EB5-EDB2-47CF-BA27-51275C4CC011}"
EndProject
Project("{2150E333-8FDC-42A3-9474-1A3956D46DE8}") = "TPL", "TPL", "{8810D3DC-49C3-4257-BC9A-57C973D2DAFB}"
EndProject
Project("{FAE04EC0-301F-11D3-BF4B-00C04F79EFBC}") = "Task.Yield", "TPL\Task.Yield\Task.Yield.csproj", "{AA7A14DC-A657-434B-B402-F261DF71AC8B}"
EndProject
Project("{2150E333-8FDC-42A3-9474-1A3956D46DE8}") = "Performance", "Performance", "{AA2DE0F2-9587-48C7-9F2E-214EA0357837}"
EndProject
Project("{FAE04EC0-301F-11D3-BF4B-00C04F79EFBC}") = "SearchValues", "Performance\SearchValues\SearchValues.csproj", "{EA0C834E-F55E-4D2E-B319-4BE36668CFF9}"
EndProject
Global
	GlobalSection(SolutionConfigurationPlatforms) = preSolution
		Debug|Any CPU = Debug|Any CPU
		Release|Any CPU = Release|Any CPU
	EndGlobalSection
	GlobalSection(ProjectConfigurationPlatforms) = postSolution
		{CE01CC22-EA8A-4F28-BB7D-A0A9D803C051}.Debug|Any CPU.ActiveCfg = Debug|Any CPU
		{CE01CC22-EA8A-4F28-BB7D-A0A9D803C051}.Debug|Any CPU.Build.0 = Debug|Any CPU
		{CE01CC22-EA8A-4F28-BB7D-A0A9D803C051}.Release|Any CPU.ActiveCfg = Release|Any CPU
		{CE01CC22-EA8A-4F28-BB7D-A0A9D803C051}.Release|Any CPU.Build.0 = Release|Any CPU
		{51135E55-55E3-40CB-A270-0C778D235E1F}.Debug|Any CPU.ActiveCfg = Debug|Any CPU
		{51135E55-55E3-40CB-A270-0C778D235E1F}.Debug|Any CPU.Build.0 = Debug|Any CPU
		{51135E55-55E3-40CB-A270-0C778D235E1F}.Release|Any CPU.ActiveCfg = Release|Any CPU
		{51135E55-55E3-40CB-A270-0C778D235E1F}.Release|Any CPU.Build.0 = Release|Any CPU
		{299A4EB5-EDB2-47CF-BA27-51275C4CC011}.Debug|Any CPU.ActiveCfg = Debug|Any CPU
		{299A4EB5-EDB2-47CF-BA27-51275C4CC011}.Debug|Any CPU.Build.0 = Debug|Any CPU
		{299A4EB5-EDB2-47CF-BA27-51275C4CC011}.Release|Any CPU.ActiveCfg = Release|Any CPU
		{299A4EB5-EDB2-47CF-BA27-51275C4CC011}.Release|Any CPU.Build.0 = Release|Any CPU
		{AA7A14DC-A657-434B-B402-F261DF71AC8B}.Debug|Any CPU.ActiveCfg = Debug|Any CPU
		{AA7A14DC-A657-434B-B402-F261DF71AC8B}.Debug|Any CPU.Build.0 = Debug|Any CPU
		{AA7A14DC-A657-434B-B402-F261DF71AC8B}.Release|Any CPU.ActiveCfg = Release|Any CPU
		{AA7A14DC-A657-434B-B402-F261DF71AC8B}.Release|Any CPU.Build.0 = Release|Any CPU
		{EA0C834E-F55E-4D2E-B319-4BE36668CFF9}.Debug|Any CPU.ActiveCfg = Debug|Any CPU
		{EA0C834E-F55E-4D2E-B319-4BE36668CFF9}.Debug|Any CPU.Build.0 = Debug|Any CPU
		{EA0C834E-F55E-4D2E-B319-4BE36668CFF9}.Release|Any CPU.ActiveCfg = Release|Any CPU
		{EA0C834E-F55E-4D2E-B319-4BE36668CFF9}.Release|Any CPU.Build.0 = Release|Any CPU
	EndGlobalSection
	GlobalSection(NestedProjects) = preSolution
		{AA7A14DC-A657-434B-B402-F261DF71AC8B} = {8810D3DC-49C3-4257-BC9A-57C973D2DAFB}
		{EA0C834E-F55E-4D2E-B319-4BE36668CFF9} = {AA2DE0F2-9587-48C7-9F2E-214EA0357837}
	EndGlobalSection
EndGlobal
